# THIS IS AN AUTOGENERATED FILE. DO NOT EDIT THIS FILE DIRECTLY.
# yarn lockfile v1


graphql@15.5.1:
  version "15.5.1"
  resolved "https://registry.yarnpkg.com/graphql/-/graphql-15.5.1.tgz#f2f84415d8985e7b84731e7f3536f8bb9d383aad"
  integrity sha512-FeTRX67T3LoE3LWAxxOlW2K3Bz+rMYAC18rRguK4wgXaTZMiJwSUwDmPFo3UadAKbzirKIg5Qy+sNJXbpPRnQw==

typescript@^4.1.0-dev.20200910:
  version "4.1.0-dev.20200910"
  resolved "https://registry.npmjs.org/typescript/-/typescript-4.1.0-dev.20200910.tgz#7c34aa390599890e24929db1d8193e31004a601e"
  integrity sha512-XF+ZdED3gG6rTrt8TDzMiZvbdMsgZgifI/RNS/kZtpuXJViKxrpUw5WtukKG0XBhm+YtCw3hDhlq3hKdi8SzUg==
