# THIS IS AN AUTOGENERATED FILE. DO NOT EDIT THIS FILE DIRECTLY.
# yarn lockfile v1


graphql@15.3.0:
  version "15.3.0"
  resolved "https://registry.npmjs.org/graphql/-/graphql-15.3.0.tgz#3ad2b0caab0d110e3be4a5a9b2aa281e362b5278"
  integrity sha512-GTCJtzJmkFLWRfFJuoo9RWWa/FfamUHgiFosxi/X1Ani4AVWbeyBenZTNX6dM+7WSbbFfTo/25eh0LLkwHMw2w==

"typescript@https://typescript.visualstudio.com/cf7ac146-d525-443c-b23c-0d58337efebc/_apis/build/builds/83806/artifacts?artifactName=tgz&fileId=AFC60CCD5AEE4CC19D6C15D9044564BC4E2AEA5FE84FC89B8DB3C2386C10DB0202&fileName=/typescript-4.1.0-insiders.20200831.tgz":
  version "4.1.0-insiders.20200831"
  resolved "https://typescript.visualstudio.com/cf7ac146-d525-443c-b23c-0d58337efebc/_apis/build/builds/83806/artifacts?artifactName=tgz&fileId=AFC60CCD5AEE4CC19D6C15D9044564BC4E2AEA5FE84FC89B8DB3C2386C10DB0202&fileName=/typescript-4.1.0-insiders.20200831.tgz#4ee367f6b4c6b6d326338ec1e290cc7310898ab3"
